
Microsoft Visual Studio Solution File, Format Version 12.00
# Visual Studio 15
VisualStudioVersion = 15.0.28307.271
MinimumVisualStudioVersion = 10.0.40219.1
Project("{9A19103F-16F7-4668-BE54-9A1E7A4F7556}") = "TimeClassLib", "TimeClassLib\TimeClassLib.csproj", "{C7FD4316-CAB3-4B64-B098-5C01BF137CC1}"
EndProject
Project("{FAE04EC0-301F-11D3-BF4B-00C04F79EFBC}") = "TimeClassLibTests", "TimeClassLibTests\TimeClassLibTests.csproj", "{2E3DF5C2-8A38-4A03-86D7-8D463C917E47}"
EndProject
Project("{FAE04EC0-301F-11D3-BF4B-00C04F79EFBC}") = "Stoper", "Stoper\Stoper.csproj", "{B28F288E-650F-41A4-AF48-239D259BCBA5}"
	ProjectSection(ProjectDependencies) = postProject
		{C7FD4316-CAB3-4B64-B098-5C01BF137CC1} = {C7FD4316-CAB3-4B64-B098-5C01BF137CC1}
	EndProjectSection
EndProject
Project("{FAE04EC0-301F-11D3-BF4B-00C04F79EFBC}") = "Minutnik", "Minutnik\Minutnik.csproj", "{993E81AE-B858-4E03-866D-160584BEE558}"
EndProject
Global
	GlobalSection(SolutionConfigurationPlatforms) = preSolution
		Debug|Any CPU = Debug|Any CPU
		Release|Any CPU = Release|Any CPU
	EndGlobalSection
	GlobalSection(ProjectConfigurationPlatforms) = postSolution
		{C7FD4316-CAB3-4B64-B098-5C01BF137CC1}.Debug|Any CPU.ActiveCfg = Debug|Any CPU
		{C7FD4316-CAB3-4B64-B098-5C01BF137CC1}.Debug|Any CPU.Build.0 = Debug|Any CPU
		{C7FD4316-CAB3-4B64-B098-5C01BF137CC1}.Release|Any CPU.ActiveCfg = Release|Any CPU
		{C7FD4316-CAB3-4B64-B098-5C01BF137CC1}.Release|Any CPU.Build.0 = Release|Any CPU
		{2E3DF5C2-8A38-4A03-86D7-8D463C917E47}.Debug|Any CPU.ActiveCfg = Debug|Any CPU
		{2E3DF5C2-8A38-4A03-86D7-8D463C917E47}.Debug|Any CPU.Build.0 = Debug|Any CPU
		{2E3DF5C2-8A38-4A03-86D7-8D463C917E47}.Release|Any CPU.ActiveCfg = Release|Any CPU
		{2E3DF5C2-8A38-4A03-86D7-8D463C917E47}.Release|Any CPU.Build.0 = Release|Any CPU
		{B28F288E-650F-41A4-AF48-239D259BCBA5}.Debug|Any CPU.ActiveCfg = Debug|Any CPU
		{B28F288E-650F-41A4-AF48-239D259BCBA5}.Debug|Any CPU.Build.0 = Debug|Any CPU
		{B28F288E-650F-41A4-AF48-239D259BCBA5}.Release|Any CPU.ActiveCfg = Release|Any CPU
		{B28F288E-650F-41A4-AF48-239D259BCBA5}.Release|Any CPU.Build.0 = Release|Any CPU
		{993E81AE-B858-4E03-866D-160584BEE558}.Debug|Any CPU.ActiveCfg = Debug|Any CPU
		{993E81AE-B858-4E03-866D-160584BEE558}.Debug|Any CPU.Build.0 = Debug|Any CPU
		{993E81AE-B858-4E03-866D-160584BEE558}.Release|Any CPU.ActiveCfg = Release|Any CPU
		{993E81AE-B858-4E03-866D-160584BEE558}.Release|Any CPU.Build.0 = Release|Any CPU
	EndGlobalSection
	GlobalSection(SolutionProperties) = preSolution
		HideSolutionNode = FALSE
	EndGlobalSection
	GlobalSection(ExtensibilityGlobals) = postSolution
		SolutionGuid = {5AE7AA7A-6C85-43E3-B830-BE6AAC9A9F96}
	EndGlobalSection
EndGlobal
